
Microsoft Visual Studio Solution File, Format Version 12.00
# Visual Studio Version 16
VisualStudioVersion = 16.0.30309.148
MinimumVisualStudioVersion = 10.0.40219.1
Project("{2150E333-8FDC-42A3-9474-1A3956D46DE8}") = "src", "src", "{76CC9548-FE50-4960-987E-FF7E36B5A7A9}"
EndProject
Project("{2150E333-8FDC-42A3-9474-1A3956D46DE8}") = "Catalog", "Catalog", "{577D19F5-4089-4696-B8D1-8256E1ECE7C0}"
EndProject
Project("{9A19103F-16F7-4668-BE54-9A1E7A4F7556}") = "Catalog.API", "src\Catalog\Catalog.API\Catalog.API.csproj", "{94592A5C-406E-4E68-B6EA-8F1A179B6E3F}"
EndProject
Project("{E53339B2-1760-4266-BCC7-CA923CBCF16C}") = "docker-compose", "docker-compose.dcproj", "{0F63FA2D-CA39-4CA5-9A91-47B3F1456725}"
EndProject
Project("{2150E333-8FDC-42A3-9474-1A3956D46DE8}") = "Basket", "Basket", "{7655834E-6117-4D6F-B4E6-E86145B9F131}"
EndProject
Project("{9A19103F-16F7-4668-BE54-9A1E7A4F7556}") = "Basket.API", "src\Basket\Basket.API\Basket.API.csproj", "{DE070F2C-9681-437F-AAEA-F0B1C45270D6}"
EndProject
Project("{2150E333-8FDC-42A3-9474-1A3956D46DE8}") = "Common", "Common", "{5219DD85-39B0-43B3-9C36-EEE2D8CE5EB0}"
EndProject
Project("{9A19103F-16F7-4668-BE54-9A1E7A4F7556}") = "EventBusRabbitMQ", "src\Common\EventBusRabbitMQ\EventBusRabbitMQ.csproj", "{F4DC2AB2-D3E9-450C-A6C6-D43326E1094E}"
EndProject
Project("{2150E333-8FDC-42A3-9474-1A3956D46DE8}") = "Ordering", "Ordering", "{FD71BD38-8F88-4C5B-8ADF-F6511E0D29E7}"
EndProject
Project("{9A19103F-16F7-4668-BE54-9A1E7A4F7556}") = "Ordering.API", "src\Ordering\Ordering.API\Ordering.API.csproj", "{4F2BD203-EBF1-4514-9170-8DEAEBADD9ED}"
EndProject
Project("{9A19103F-16F7-4668-BE54-9A1E7A4F7556}") = "Ordering.Core", "src\Ordering\Ordering.Core\Ordering.Core.csproj", "{A608AD7E-10E9-4FEB-ACF6-51BC00959F3C}"
EndProject
Project("{9A19103F-16F7-4668-BE54-9A1E7A4F7556}") = "Ordering.Application", "src\Ordering\Ordering.Application\Ordering.Application.csproj", "{3A8DF965-AC75-4819-B186-5287B1F6FCB5}"
EndProject
Project("{9A19103F-16F7-4668-BE54-9A1E7A4F7556}") = "Ordering.Infrastructure", "src\Ordering\Ordering.Infrastructure\Ordering.Infrastructure\Ordering.Infrastructure.csproj", "{0DF2102B-FB53-4370-A337-FE53C32390EE}"
EndProject
Project("{2150E333-8FDC-42A3-9474-1A3956D46DE8}") = "ApiGateway", "ApiGateway", "{25836ADA-FF0E-4D39-976A-604E21514931}"
EndProject
Project("{9A19103F-16F7-4668-BE54-9A1E7A4F7556}") = "OcelotAPIGateway", "src\ApiGateway\OcelotAPIGateway\OcelotAPIGateway.csproj", "{89A74D27-AAE5-49BD-A3BD-3ED65DCCA407}"
EndProject
Project("{2150E333-8FDC-42A3-9474-1A3956D46DE8}") = "WebApp", "WebApp", "{F2792461-B0ED-4FAA-B3DF-D9B5CB774BBB}"
EndProject
Project("{9A19103F-16F7-4668-BE54-9A1E7A4F7556}") = "AspnetRunBasics", "src\WebApp\AspnetRunBasics\AspnetRunBasics.csproj", "{FC4DE744-FEE6-41C5-9AE3-2A24A539F9AA}"
EndProject
Global
	GlobalSection(SolutionConfigurationPlatforms) = preSolution
		Debug|Any CPU = Debug|Any CPU
		Release|Any CPU = Release|Any CPU
	EndGlobalSection
	GlobalSection(ProjectConfigurationPlatforms) = postSolution
		{94592A5C-406E-4E68-B6EA-8F1A179B6E3F}.Debug|Any CPU.ActiveCfg = Debug|Any CPU
		{94592A5C-406E-4E68-B6EA-8F1A179B6E3F}.Debug|Any CPU.Build.0 = Debug|Any CPU
		{94592A5C-406E-4E68-B6EA-8F1A179B6E3F}.Release|Any CPU.ActiveCfg = Release|Any CPU
		{94592A5C-406E-4E68-B6EA-8F1A179B6E3F}.Release|Any CPU.Build.0 = Release|Any CPU
		{0F63FA2D-CA39-4CA5-9A91-47B3F1456725}.Debug|Any CPU.ActiveCfg = Debug|Any CPU
		{0F63FA2D-CA39-4CA5-9A91-47B3F1456725}.Debug|Any CPU.Build.0 = Debug|Any CPU
		{0F63FA2D-CA39-4CA5-9A91-47B3F1456725}.Release|Any CPU.ActiveCfg = Release|Any CPU
		{0F63FA2D-CA39-4CA5-9A91-47B3F1456725}.Release|Any CPU.Build.0 = Release|Any CPU
		{DE070F2C-9681-437F-AAEA-F0B1C45270D6}.Debug|Any CPU.ActiveCfg = Debug|Any CPU
		{DE070F2C-9681-437F-AAEA-F0B1C45270D6}.Debug|Any CPU.Build.0 = Debug|Any CPU
		{DE070F2C-9681-437F-AAEA-F0B1C45270D6}.Release|Any CPU.ActiveCfg = Release|Any CPU
		{DE070F2C-9681-437F-AAEA-F0B1C45270D6}.Release|Any CPU.Build.0 = Release|Any CPU
		{F4DC2AB2-D3E9-450C-A6C6-D43326E1094E}.Debug|Any CPU.ActiveCfg = Debug|Any CPU
		{F4DC2AB2-D3E9-450C-A6C6-D43326E1094E}.Debug|Any CPU.Build.0 = Debug|Any CPU
		{F4DC2AB2-D3E9-450C-A6C6-D43326E1094E}.Release|Any CPU.ActiveCfg = Release|Any CPU
		{F4DC2AB2-D3E9-450C-A6C6-D43326E1094E}.Release|Any CPU.Build.0 = Release|Any CPU
		{4F2BD203-EBF1-4514-9170-8DEAEBADD9ED}.Debug|Any CPU.ActiveCfg = Debug|Any CPU
		{4F2BD203-EBF1-4514-9170-8DEAEBADD9ED}.Debug|Any CPU.Build.0 = Debug|Any CPU
		{4F2BD203-EBF1-4514-9170-8DEAEBADD9ED}.Release|Any CPU.ActiveCfg = Release|Any CPU
		{4F2BD203-EBF1-4514-9170-8DEAEBADD9ED}.Release|Any CPU.Build.0 = Release|Any CPU
		{A608AD7E-10E9-4FEB-ACF6-51BC00959F3C}.Debug|Any CPU.ActiveCfg = Debug|Any CPU
		{A608AD7E-10E9-4FEB-ACF6-51BC00959F3C}.Debug|Any CPU.Build.0 = Debug|Any CPU
		{A608AD7E-10E9-4FEB-ACF6-51BC00959F3C}.Release|Any CPU.ActiveCfg = Release|Any CPU
		{A608AD7E-10E9-4FEB-ACF6-51BC00959F3C}.Release|Any CPU.Build.0 = Release|Any CPU
		{3A8DF965-AC75-4819-B186-5287B1F6FCB5}.Debug|Any CPU.ActiveCfg = Debug|Any CPU
		{3A8DF965-AC75-4819-B186-5287B1F6FCB5}.Debug|Any CPU.Build.0 = Debug|Any CPU
		{3A8DF965-AC75-4819-B186-5287B1F6FCB5}.Release|Any CPU.ActiveCfg = Release|Any CPU
		{3A8DF965-AC75-4819-B186-5287B1F6FCB5}.Release|Any CPU.Build.0 = Release|Any CPU
		{0DF2102B-FB53-4370-A337-FE53C32390EE}.Debug|Any CPU.ActiveCfg = Debug|Any CPU
		{0DF2102B-FB53-4370-A337-FE53C32390EE}.Debug|Any CPU.Build.0 = Debug|Any CPU
		{0DF2102B-FB53-4370-A337-FE53C32390EE}.Release|Any CPU.ActiveCfg = Release|Any CPU
		{0DF2102B-FB53-4370-A337-FE53C32390EE}.Release|Any CPU.Build.0 = Release|Any CPU
		{89A74D27-AAE5-49BD-A3BD-3ED65DCCA407}.Debug|Any CPU.ActiveCfg = Debug|Any CPU
		{89A74D27-AAE5-49BD-A3BD-3ED65DCCA407}.Debug|Any CPU.Build.0 = Debug|Any CPU
		{89A74D27-AAE5-49BD-A3BD-3ED65DCCA407}.Release|Any CPU.ActiveCfg = Release|Any CPU
		{89A74D27-AAE5-49BD-A3BD-3ED65DCCA407}.Release|Any CPU.Build.0 = Release|Any CPU
		{FC4DE744-FEE6-41C5-9AE3-2A24A539F9AA}.Debug|Any CPU.ActiveCfg = Debug|Any CPU
		{FC4DE744-FEE6-41C5-9AE3-2A24A539F9AA}.Debug|Any CPU.Build.0 = Debug|Any CPU
		{FC4DE744-FEE6-41C5-9AE3-2A24A539F9AA}.Release|Any CPU.ActiveCfg = Release|Any CPU
		{FC4DE744-FEE6-41C5-9AE3-2A24A539F9AA}.Release|Any CPU.Build.0 = Release|Any CPU
	EndGlobalSection
	GlobalSection(SolutionProperties) = preSolution
		HideSolutionNode = FALSE
	EndGlobalSection
	GlobalSection(NestedProjects) = preSolution
		{577D19F5-4089-4696-B8D1-8256E1ECE7C0} = {76CC9548-FE50-4960-987E-FF7E36B5A7A9}
		{94592A5C-406E-4E68-B6EA-8F1A179B6E3F} = {577D19F5-4089-4696-B8D1-8256E1ECE7C0}
		{7655834E-6117-4D6F-B4E6-E86145B9F131} = {76CC9548-FE50-4960-987E-FF7E36B5A7A9}
		{DE070F2C-9681-437F-AAEA-F0B1C45270D6} = {7655834E-6117-4D6F-B4E6-E86145B9F131}
		{5219DD85-39B0-43B3-9C36-EEE2D8CE5EB0} = {76CC9548-FE50-4960-987E-FF7E36B5A7A9}
		{F4DC2AB2-D3E9-450C-A6C6-D43326E1094E} = {5219DD85-39B0-43B3-9C36-EEE2D8CE5EB0}
		{FD71BD38-8F88-4C5B-8ADF-F6511E0D29E7} = {76CC9548-FE50-4960-987E-FF7E36B5A7A9}
		{4F2BD203-EBF1-4514-9170-8DEAEBADD9ED} = {FD71BD38-8F88-4C5B-8ADF-F6511E0D29E7}
		{A608AD7E-10E9-4FEB-ACF6-51BC00959F3C} = {FD71BD38-8F88-4C5B-8ADF-F6511E0D29E7}
		{3A8DF965-AC75-4819-B186-5287B1F6FCB5} = {FD71BD38-8F88-4C5B-8ADF-F6511E0D29E7}
		{0DF2102B-FB53-4370-A337-FE53C32390EE} = {FD71BD38-8F88-4C5B-8ADF-F6511E0D29E7}
		{25836ADA-FF0E-4D39-976A-604E21514931} = {76CC9548-FE50-4960-987E-FF7E36B5A7A9}
		{89A74D27-AAE5-49BD-A3BD-3ED65DCCA407} = {25836ADA-FF0E-4D39-976A-604E21514931}
		{F2792461-B0ED-4FAA-B3DF-D9B5CB774BBB} = {76CC9548-FE50-4960-987E-FF7E36B5A7A9}
		{FC4DE744-FEE6-41C5-9AE3-2A24A539F9AA} = {F2792461-B0ED-4FAA-B3DF-D9B5CB774BBB}
	EndGlobalSection
	GlobalSection(ExtensibilityGlobals) = postSolution
		SolutionGuid = {F3DA0C34-71E8-42F4-A6FD-1E5F5B0B7EBF}
	EndGlobalSection
EndGlobal
